
Microsoft Visual Studio Solution File, Format Version 12.00
# Visual Studio 2012
Project("{8BC9CEB8-8B4A-11D0-8D11-00A0C91BC942}") = "Snowman Apocalypse", "Snowman Apocalypse\Snowman Apocalypse.vcxproj", "{264C916F-5F18-49D6-8EF9-0CF04DC99D94}"
EndProject
Global
	GlobalSection(SolutionConfigurationPlatforms) = preSolution
		Debug|Win32 = Debug|Win32
		Release|Win32 = Release|Win32
	EndGlobalSection
	GlobalSection(ProjectConfigurationPlatforms) = postSolution
		{264C916F-5F18-49D6-8EF9-0CF04DC99D94}.Debug|Win32.ActiveCfg = Debug|Win32
		{264C916F-5F18-49D6-8EF9-0CF04DC99D94}.Debug|Win32.Build.0 = Debug|Win32
		{264C916F-5F18-49D6-8EF9-0CF04DC99D94}.Release|Win32.ActiveCfg = Release|Win32
		{264C916F-5F18-49D6-8EF9-0CF04DC99D94}.Release|Win32.Build.0 = Release|Win32
	EndGlobalSection
	GlobalSection(SolutionProperties) = preSolution
		HideSolutionNode = FALSE
	EndGlobalSection
EndGlobal
